
Microsoft Visual Studio Solution File, Format Version 12.00
# Visual Studio Version 17
VisualStudioVersion = 17.4.33205.214
MinimumVisualStudioVersion = 10.0.40219.1
Project("{9A19103F-16F7-4668-BE54-9A1E7A4F7556}") = "Project1", "Project1\Project1.csproj", "{6CA026A0-E8FE-45C7-AFAF-28092925B4CF}"
EndProject
Project("{FAE04EC0-301F-11D3-BF4B-00C04F79EFBC}") = "Project2", "Project2\Project2.csproj", "{4AAC5987-1272-40E5-ADC5-7DCC7C7C72A2}"
EndProject
Global
	GlobalSection(SolutionConfigurationPlatforms) = preSolution
		Debug|Any CPU = Debug|Any CPU
		Release|Any CPU = Release|Any CPU
	EndGlobalSection
	GlobalSection(ProjectConfigurationPlatforms) = postSolution
		{6CA026A0-E8FE-45C7-AFAF-28092925B4CF}.Debug|Any CPU.ActiveCfg = Debug|Any CPU
		{6CA026A0-E8FE-45C7-AFAF-28092925B4CF}.Debug|Any CPU.Build.0 = Debug|Any CPU
		{6CA026A0-E8FE-45C7-AFAF-28092925B4CF}.Release|Any CPU.ActiveCfg = Release|Any CPU
		{6CA026A0-E8FE-45C7-AFAF-28092925B4CF}.Release|Any CPU.Build.0 = Release|Any CPU
		{4AAC5987-1272-40E5-ADC5-7DCC7C7C72A2}.Debug|Any CPU.ActiveCfg = Debug|Any CPU
		{4AAC5987-1272-40E5-ADC5-7DCC7C7C72A2}.Debug|Any CPU.Build.0 = Debug|Any CPU
		{4AAC5987-1272-40E5-ADC5-7DCC7C7C72A2}.Release|Any CPU.ActiveCfg = Release|Any CPU
		{4AAC5987-1272-40E5-ADC5-7DCC7C7C72A2}.Release|Any CPU.Build.0 = Release|Any CPU
	EndGlobalSection
	GlobalSection(SolutionProperties) = preSolution
		HideSolutionNode = FALSE
	EndGlobalSection
	GlobalSection(ExtensibilityGlobals) = postSolution
		SolutionGuid = {2A9B755D-1701-4AD3-8C02-7C69C8B8E5A1}
	EndGlobalSection
EndGlobal
